
Microsoft Visual Studio Solution File, Format Version 12.00
# Visual Studio Version 17
VisualStudioVersion = 17.10.35013.160
MinimumVisualStudioVersion = 10.0.40219.1
Project("{9A19103F-16F7-4668-BE54-9A1E7A4F7556}") = "messaging-with-aspnetcore-and-rabbitmq", "messaging-with-aspnetcore-and-rabbitmq.csproj", "{2292B209-62A9-4F63-BAF4-CC8B40FA2CD7}"
EndProject
Global
	GlobalSection(SolutionConfigurationPlatforms) = preSolution
		Debug|Any CPU = Debug|Any CPU
		Release|Any CPU = Release|Any CPU
	EndGlobalSection
	GlobalSection(ProjectConfigurationPlatforms) = postSolution
		{2292B209-62A9-4F63-BAF4-CC8B40FA2CD7}.Debug|Any CPU.ActiveCfg = Debug|Any CPU
		{2292B209-62A9-4F63-BAF4-CC8B40FA2CD7}.Debug|Any CPU.Build.0 = Debug|Any CPU
		{2292B209-62A9-4F63-BAF4-CC8B40FA2CD7}.Release|Any CPU.ActiveCfg = Release|Any CPU
		{2292B209-62A9-4F63-BAF4-CC8B40FA2CD7}.Release|Any CPU.Build.0 = Release|Any CPU
	EndGlobalSection
	GlobalSection(SolutionProperties) = preSolution
		HideSolutionNode = FALSE
	EndGlobalSection
	GlobalSection(ExtensibilityGlobals) = postSolution
		SolutionGuid = {8E3D5EE7-5439-403D-A8A3-A5F5AC68C1DE}
	EndGlobalSection
EndGlobal
